
Microsoft Visual Studio Solution File, Format Version 12.00
# Visual Studio Version 17
VisualStudioVersion = 17.11.35303.130
MinimumVisualStudioVersion = 10.0.40219.1
Project("{FAE04EC0-301F-11D3-BF4B-00C04F79EFBC}") = "ListaTareas.Web", "ListaTareas.Web\ListaTareas.Web.csproj", "{AFA1EAEF-295F-4B2E-BF51-3314B3F07DBC}"
EndProject
Project("{FAE04EC0-301F-11D3-BF4B-00C04F79EFBC}") = "ListaTareas.Logica", "ListaTareas.Entidades\ListaTareas.Logica.csproj", "{795C9FCA-46EA-4B04-A344-C846BE771EC0}"
EndProject
Project("{FAE04EC0-301F-11D3-BF4B-00C04F79EFBC}") = "ListaTareas.Entidades", "ListaTareas.Logica\ListaTareas.Entidades.csproj", "{ABB22567-EC36-4447-A67B-512025B63439}"
EndProject
Global
	GlobalSection(SolutionConfigurationPlatforms) = preSolution
		Debug|Any CPU = Debug|Any CPU
		Release|Any CPU = Release|Any CPU
	EndGlobalSection
	GlobalSection(ProjectConfigurationPlatforms) = postSolution
		{AFA1EAEF-295F-4B2E-BF51-3314B3F07DBC}.Debug|Any CPU.ActiveCfg = Debug|Any CPU
		{AFA1EAEF-295F-4B2E-BF51-3314B3F07DBC}.Debug|Any CPU.Build.0 = Debug|Any CPU
		{AFA1EAEF-295F-4B2E-BF51-3314B3F07DBC}.Release|Any CPU.ActiveCfg = Release|Any CPU
		{AFA1EAEF-295F-4B2E-BF51-3314B3F07DBC}.Release|Any CPU.Build.0 = Release|Any CPU
		{795C9FCA-46EA-4B04-A344-C846BE771EC0}.Debug|Any CPU.ActiveCfg = Debug|Any CPU
		{795C9FCA-46EA-4B04-A344-C846BE771EC0}.Debug|Any CPU.Build.0 = Debug|Any CPU
		{795C9FCA-46EA-4B04-A344-C846BE771EC0}.Release|Any CPU.ActiveCfg = Release|Any CPU
		{795C9FCA-46EA-4B04-A344-C846BE771EC0}.Release|Any CPU.Build.0 = Release|Any CPU
		{ABB22567-EC36-4447-A67B-512025B63439}.Debug|Any CPU.ActiveCfg = Debug|Any CPU
		{ABB22567-EC36-4447-A67B-512025B63439}.Debug|Any CPU.Build.0 = Debug|Any CPU
		{ABB22567-EC36-4447-A67B-512025B63439}.Release|Any CPU.ActiveCfg = Release|Any CPU
		{ABB22567-EC36-4447-A67B-512025B63439}.Release|Any CPU.Build.0 = Release|Any CPU
	EndGlobalSection
	GlobalSection(SolutionProperties) = preSolution
		HideSolutionNode = FALSE
	EndGlobalSection
	GlobalSection(ExtensibilityGlobals) = postSolution
		SolutionGuid = {75554B7A-DF38-45DD-8BA5-9E51FDF82363}
	EndGlobalSection
EndGlobal
